
Microsoft Visual Studio Solution File, Format Version 12.00
# Visual Studio Version 17
VisualStudioVersion = 17.7.34031.279
MinimumVisualStudioVersion = 10.0.40219.1
Project("{FAE04EC0-301F-11D3-BF4B-00C04F79EFBC}") = "SistemaRecursosHumanos", "SistemaRecursosHumanos\SistemaRecursosHumanos.csproj", "{3CD8E531-6D3E-4A2C-BA68-7D69DC3D01FD}"
EndProject
Global
	GlobalSection(SolutionConfigurationPlatforms) = preSolution
		Debug|Any CPU = Debug|Any CPU
		Release|Any CPU = Release|Any CPU
	EndGlobalSection
	GlobalSection(ProjectConfigurationPlatforms) = postSolution
		{3CD8E531-6D3E-4A2C-BA68-7D69DC3D01FD}.Debug|Any CPU.ActiveCfg = Debug|Any CPU
		{3CD8E531-6D3E-4A2C-BA68-7D69DC3D01FD}.Debug|Any CPU.Build.0 = Debug|Any CPU
		{3CD8E531-6D3E-4A2C-BA68-7D69DC3D01FD}.Release|Any CPU.ActiveCfg = Release|Any CPU
		{3CD8E531-6D3E-4A2C-BA68-7D69DC3D01FD}.Release|Any CPU.Build.0 = Release|Any CPU
	EndGlobalSection
	GlobalSection(SolutionProperties) = preSolution
		HideSolutionNode = FALSE
	EndGlobalSection
	GlobalSection(ExtensibilityGlobals) = postSolution
		SolutionGuid = {E68BC043-8E87-443C-9BE4-8B4E2839FBE4}
	EndGlobalSection
EndGlobal
